
Microsoft Visual Studio Solution File, Format Version 12.00
# Visual Studio 15
VisualStudioVersion = 15.0.28307.168
MinimumVisualStudioVersion = 10.0.40219.1
Project("{FAE04EC0-301F-11D3-BF4B-00C04F79EFBC}") = "Core2.2Reporting", "Core2.2Reporting\Core2.2Reporting.csproj", "{4CD5BB67-46D3-48BE-8D49-0B8DFFC5E7BE}"
EndProject
Global
	GlobalSection(SolutionConfigurationPlatforms) = preSolution
		Debug|Any CPU = Debug|Any CPU
		Release|Any CPU = Release|Any CPU
	EndGlobalSection
	GlobalSection(ProjectConfigurationPlatforms) = postSolution
		{4CD5BB67-46D3-48BE-8D49-0B8DFFC5E7BE}.Debug|Any CPU.ActiveCfg = Debug|Any CPU
		{4CD5BB67-46D3-48BE-8D49-0B8DFFC5E7BE}.Debug|Any CPU.Build.0 = Debug|Any CPU
		{4CD5BB67-46D3-48BE-8D49-0B8DFFC5E7BE}.Release|Any CPU.ActiveCfg = Release|Any CPU
		{4CD5BB67-46D3-48BE-8D49-0B8DFFC5E7BE}.Release|Any CPU.Build.0 = Release|Any CPU
	EndGlobalSection
	GlobalSection(SolutionProperties) = preSolution
		HideSolutionNode = FALSE
	EndGlobalSection
	GlobalSection(ExtensibilityGlobals) = postSolution
		SolutionGuid = {DFDE1D32-ED83-46CC-AB5F-C26F56B2390B}
	EndGlobalSection
EndGlobal
